{
  "name": "ng-thrift-caller",
  "version": "0.2.3",
  "lockfileVersion": 1,
  "requires": true,
  "dependencies": {
    "@angular/core": {
      "version": "7.1.0",
      "resolved": "https://registry.npmjs.org/@angular/core/-/core-7.1.0.tgz",
      "integrity": "sha512-7mMoWuf8jAf4hcjQ0Exz2w9Qx9SRwNuDdtEZFGWH9dZWz5uPCewrN+Kt9MigMfSYGEdLAPcRMIuvFHDCS8B3Hg==",
      "requires": {
        "tslib": "^1.9.0"
      }
    },
    "@types/core-js": {
      "version": "2.5.0",
      "resolved": "https://registry.npmjs.org/@types/core-js/-/core-js-2.5.0.tgz",
      "integrity": "sha512-qjkHL3wF0JMHMqgm/kmL8Pf8rIiqvueEiZ0g6NVTcBX1WN46GWDr+V5z+gsHUeL0n8TfAmXnYmF7ajsxmBp4PQ==",
      "dev": true
    },
    "@types/node": {
      "version": "12.0.7",
      "resolved": "https://registry.npmjs.org/@types/node/-/node-12.0.7.tgz",
      "integrity": "sha512-1YKeT4JitGgE4SOzyB9eMwO0nGVNkNEsm9qlIt1Lqm/tG2QEiSMTD4kS3aO6L+w5SClLVxALmIBESK6Mk5wX0A=="
    },
    "@types/node-int64": {
      "version": "0.4.29",
      "resolved": "https://registry.npmjs.org/@types/node-int64/-/node-int64-0.4.29.tgz",
      "integrity": "sha512-rHXvenLTj/CcsmNAebaBOhxQ2MqEGl3yXZZcZ21XYR+gzGTTcpOy2N4IxpvTCz48loyQNatHvfn6GhIbbZ1R3Q==",
      "requires": {
        "@types/node": "*"
      }
    },
    "@types/q": {
      "version": "1.5.2",
      "resolved": "https://registry.npmjs.org/@types/q/-/q-1.5.2.tgz",
      "integrity": "sha512-ce5d3q03Ex0sy4R14722Rmt6MT07Ua+k4FwDfdcToYJcMKNtRVQvJ6JCAPdAmAnbRb6CsX6aYb9m96NGod9uTw=="
    },
    "@types/thrift": {
      "version": "0.10.7",
      "resolved": "https://registry.npmjs.org/@types/thrift/-/thrift-0.10.7.tgz",
      "integrity": "sha512-Qh4Bmpn70JJX6Br8Q1VlGsoMnxPjU/CpoPZDccaHRLElEtx3WO5KwEnt4MawO8f+wwHi7DBqM605Ydlkym/45Q==",
      "requires": {
        "@types/node": "*",
        "@types/node-int64": "*",
        "@types/q": "*"
      }
    },
    "rxjs": {
      "version": "6.3.3",
      "resolved": "https://registry.npmjs.org/rxjs/-/rxjs-6.3.3.tgz",
      "integrity": "sha512-JTWmoY9tWCs7zvIk/CvRjhjGaOd+OVBM987mxFo+OW66cGpdKjZcpmc74ES1sB//7Kl/PAe8+wEakuhG4pcgOw==",
      "requires": {
        "tslib": "^1.9.0"
      }
    },
    "tslib": {
      "version": "1.9.3",
      "resolved": "https://registry.npmjs.org/tslib/-/tslib-1.9.3.tgz",
      "integrity": "sha512-4krF8scpejhaOgqzBEcGM7yDIEfi0/8+8zDRZhNZZ2kjmHJ4hv3zCbQWxoJGz1iw5U0Jl0nma13xzHXcncMavQ=="
    },
    "typescript": {
      "version": "3.3.1",
      "resolved": "https://registry.npmjs.org/typescript/-/typescript-3.3.1.tgz",
      "integrity": "sha512-cTmIDFW7O0IHbn1DPYjkiebHxwtCMU+eTy30ZtJNBPF9j2O1ITu5XH2YnBeVRKWHqF+3JQwWJv0Q0aUgX8W7IA=="
    }
  }
}
